
Microsoft Visual Studio Solution File, Format Version 12.00
# Visual Studio Version 17
VisualStudioVersion = 17.14.36127.28
MinimumVisualStudioVersion = 10.0.40219.1
Project("{FAE04EC0-301F-11D3-BF4B-00C04F79EFBC}") = "BookStore", "BookStore\BookStore.csproj", "{A82DCFBA-0E71-4E0C-AFC9-FA27C307811F}"
EndProject
Project("{FAE04EC0-301F-11D3-BF4B-00C04F79EFBC}") = "BookStore.DataAccess", "Bookstore.DataAccess\BookStore.DataAccess.csproj", "{EF0644E6-C47F-42D9-8B48-A4AF289F4728}"
EndProject
Project("{FAE04EC0-301F-11D3-BF4B-00C04F79EFBC}") = "BookStore.Models", "Bookstore.Models\BookStore.Models.csproj", "{09670B44-9353-4AF4-ABA0-6EBEF91AD9D8}"
EndProject
Project("{FAE04EC0-301F-11D3-BF4B-00C04F79EFBC}") = "BookStore.Utility", "Bookstore.Utility\BookStore.Utility.csproj", "{E5CCBDFC-A55C-46F8-A8D1-67F1D332FA21}"
EndProject
Global
	GlobalSection(SolutionConfigurationPlatforms) = preSolution
		Debug|Any CPU = Debug|Any CPU
		Release|Any CPU = Release|Any CPU
	EndGlobalSection
	GlobalSection(ProjectConfigurationPlatforms) = postSolution
		{A82DCFBA-0E71-4E0C-AFC9-FA27C307811F}.Debug|Any CPU.ActiveCfg = Debug|Any CPU
		{A82DCFBA-0E71-4E0C-AFC9-FA27C307811F}.Debug|Any CPU.Build.0 = Debug|Any CPU
		{A82DCFBA-0E71-4E0C-AFC9-FA27C307811F}.Release|Any CPU.ActiveCfg = Release|Any CPU
		{A82DCFBA-0E71-4E0C-AFC9-FA27C307811F}.Release|Any CPU.Build.0 = Release|Any CPU
		{EF0644E6-C47F-42D9-8B48-A4AF289F4728}.Debug|Any CPU.ActiveCfg = Debug|Any CPU
		{EF0644E6-C47F-42D9-8B48-A4AF289F4728}.Debug|Any CPU.Build.0 = Debug|Any CPU
		{EF0644E6-C47F-42D9-8B48-A4AF289F4728}.Release|Any CPU.ActiveCfg = Release|Any CPU
		{EF0644E6-C47F-42D9-8B48-A4AF289F4728}.Release|Any CPU.Build.0 = Release|Any CPU
		{09670B44-9353-4AF4-ABA0-6EBEF91AD9D8}.Debug|Any CPU.ActiveCfg = Debug|Any CPU
		{09670B44-9353-4AF4-ABA0-6EBEF91AD9D8}.Debug|Any CPU.Build.0 = Debug|Any CPU
		{09670B44-9353-4AF4-ABA0-6EBEF91AD9D8}.Release|Any CPU.ActiveCfg = Release|Any CPU
		{09670B44-9353-4AF4-ABA0-6EBEF91AD9D8}.Release|Any CPU.Build.0 = Release|Any CPU
		{E5CCBDFC-A55C-46F8-A8D1-67F1D332FA21}.Debug|Any CPU.ActiveCfg = Debug|Any CPU
		{E5CCBDFC-A55C-46F8-A8D1-67F1D332FA21}.Debug|Any CPU.Build.0 = Debug|Any CPU
		{E5CCBDFC-A55C-46F8-A8D1-67F1D332FA21}.Release|Any CPU.ActiveCfg = Release|Any CPU
		{E5CCBDFC-A55C-46F8-A8D1-67F1D332FA21}.Release|Any CPU.Build.0 = Release|Any CPU
	EndGlobalSection
	GlobalSection(SolutionProperties) = preSolution
		HideSolutionNode = FALSE
	EndGlobalSection
	GlobalSection(ExtensibilityGlobals) = postSolution
		SolutionGuid = {72ACB858-1D59-4407-9CD7-19645C1A4AB9}
	EndGlobalSection
EndGlobal
